
Microsoft Visual Studio Solution File, Format Version 12.00
# Visual Studio Version 16
VisualStudioVersion = 16.0.31702.278
MinimumVisualStudioVersion = 10.0.40219.1
Project("{9A19103F-16F7-4668-BE54-9A1E7A4F7556}") = "EmailValidationSampleTestCase", "EmailValidationSampleTestCase\EmailValidationSampleTestCase.csproj", "{3739EF90-D72F-45AE-A17B-917A239F8A8E}"
EndProject
Project("{FAE04EC0-301F-11D3-BF4B-00C04F79EFBC}") = "EmailTest", "EmailTest\EmailTest.csproj", "{EDC67EA6-D3A9-483F-9D0F-8A5CA6113F78}"
EndProject
Global
	GlobalSection(SolutionConfigurationPlatforms) = preSolution
		Debug|Any CPU = Debug|Any CPU
		Release|Any CPU = Release|Any CPU
	EndGlobalSection
	GlobalSection(ProjectConfigurationPlatforms) = postSolution
		{3739EF90-D72F-45AE-A17B-917A239F8A8E}.Debug|Any CPU.ActiveCfg = Debug|Any CPU
		{3739EF90-D72F-45AE-A17B-917A239F8A8E}.Debug|Any CPU.Build.0 = Debug|Any CPU
		{3739EF90-D72F-45AE-A17B-917A239F8A8E}.Release|Any CPU.ActiveCfg = Release|Any CPU
		{3739EF90-D72F-45AE-A17B-917A239F8A8E}.Release|Any CPU.Build.0 = Release|Any CPU
		{EDC67EA6-D3A9-483F-9D0F-8A5CA6113F78}.Debug|Any CPU.ActiveCfg = Debug|Any CPU
		{EDC67EA6-D3A9-483F-9D0F-8A5CA6113F78}.Debug|Any CPU.Build.0 = Debug|Any CPU
		{EDC67EA6-D3A9-483F-9D0F-8A5CA6113F78}.Release|Any CPU.ActiveCfg = Release|Any CPU
		{EDC67EA6-D3A9-483F-9D0F-8A5CA6113F78}.Release|Any CPU.Build.0 = Release|Any CPU
	EndGlobalSection
	GlobalSection(SolutionProperties) = preSolution
		HideSolutionNode = FALSE
	EndGlobalSection
	GlobalSection(ExtensibilityGlobals) = postSolution
		SolutionGuid = {0D1AFA31-7828-4E37-A2B4-9113C39E08A5}
	EndGlobalSection
EndGlobal
