
Microsoft Visual Studio Solution File, Format Version 12.00
# Visual Studio Version 16
VisualStudioVersion = 16.0.31702.278
MinimumVisualStudioVersion = 10.0.40219.1
Project("{9A19103F-16F7-4668-BE54-9A1E7A4F7556}") = "PasswordValidationUC7", "PasswordValidationUC7\PasswordValidationUC7.csproj", "{607007FD-537D-489A-BBE7-8AA42D404897}"
EndProject
Project("{FAE04EC0-301F-11D3-BF4B-00C04F79EFBC}") = "PasswordTest", "PasswordTest\PasswordTest.csproj", "{1EE3F3BE-7F40-44C1-8EE8-4BD6BB450ED4}"
EndProject
Global
	GlobalSection(SolutionConfigurationPlatforms) = preSolution
		Debug|Any CPU = Debug|Any CPU
		Release|Any CPU = Release|Any CPU
	EndGlobalSection
	GlobalSection(ProjectConfigurationPlatforms) = postSolution
		{607007FD-537D-489A-BBE7-8AA42D404897}.Debug|Any CPU.ActiveCfg = Debug|Any CPU
		{607007FD-537D-489A-BBE7-8AA42D404897}.Debug|Any CPU.Build.0 = Debug|Any CPU
		{607007FD-537D-489A-BBE7-8AA42D404897}.Release|Any CPU.ActiveCfg = Release|Any CPU
		{607007FD-537D-489A-BBE7-8AA42D404897}.Release|Any CPU.Build.0 = Release|Any CPU
		{1EE3F3BE-7F40-44C1-8EE8-4BD6BB450ED4}.Debug|Any CPU.ActiveCfg = Debug|Any CPU
		{1EE3F3BE-7F40-44C1-8EE8-4BD6BB450ED4}.Debug|Any CPU.Build.0 = Debug|Any CPU
		{1EE3F3BE-7F40-44C1-8EE8-4BD6BB450ED4}.Release|Any CPU.ActiveCfg = Release|Any CPU
		{1EE3F3BE-7F40-44C1-8EE8-4BD6BB450ED4}.Release|Any CPU.Build.0 = Release|Any CPU
	EndGlobalSection
	GlobalSection(SolutionProperties) = preSolution
		HideSolutionNode = FALSE
	EndGlobalSection
	GlobalSection(ExtensibilityGlobals) = postSolution
		SolutionGuid = {1950DD9F-CE40-4A7E-88A6-AA44DA42BA03}
	EndGlobalSection
EndGlobal
