
Microsoft Visual Studio Solution File, Format Version 12.00
# Visual Studio Version 16
VisualStudioVersion = 16.0.31702.278
MinimumVisualStudioVersion = 10.0.40219.1
Project("{9A19103F-16F7-4668-BE54-9A1E7A4F7556}") = "PasswordValidationUC8", "PasswordValidationUC8\PasswordValidationUC8.csproj", "{09C77855-CE4E-4014-99AD-4F443606C0B6}"
EndProject
Project("{FAE04EC0-301F-11D3-BF4B-00C04F79EFBC}") = "PasswordTest", "PasswordTest\PasswordTest.csproj", "{97E84D49-B139-4360-A68B-E527D1B54A60}"
EndProject
Global
	GlobalSection(SolutionConfigurationPlatforms) = preSolution
		Debug|Any CPU = Debug|Any CPU
		Release|Any CPU = Release|Any CPU
	EndGlobalSection
	GlobalSection(ProjectConfigurationPlatforms) = postSolution
		{09C77855-CE4E-4014-99AD-4F443606C0B6}.Debug|Any CPU.ActiveCfg = Debug|Any CPU
		{09C77855-CE4E-4014-99AD-4F443606C0B6}.Debug|Any CPU.Build.0 = Debug|Any CPU
		{09C77855-CE4E-4014-99AD-4F443606C0B6}.Release|Any CPU.ActiveCfg = Release|Any CPU
		{09C77855-CE4E-4014-99AD-4F443606C0B6}.Release|Any CPU.Build.0 = Release|Any CPU
		{97E84D49-B139-4360-A68B-E527D1B54A60}.Debug|Any CPU.ActiveCfg = Debug|Any CPU
		{97E84D49-B139-4360-A68B-E527D1B54A60}.Debug|Any CPU.Build.0 = Debug|Any CPU
		{97E84D49-B139-4360-A68B-E527D1B54A60}.Release|Any CPU.ActiveCfg = Release|Any CPU
		{97E84D49-B139-4360-A68B-E527D1B54A60}.Release|Any CPU.Build.0 = Release|Any CPU
	EndGlobalSection
	GlobalSection(SolutionProperties) = preSolution
		HideSolutionNode = FALSE
	EndGlobalSection
	GlobalSection(ExtensibilityGlobals) = postSolution
		SolutionGuid = {C4537DCE-07CD-4166-AEC2-B639C0B55BEA}
	EndGlobalSection
EndGlobal
