
Microsoft Visual Studio Solution File, Format Version 12.00
# Visual Studio Version 16
VisualStudioVersion = 16.0.31702.278
MinimumVisualStudioVersion = 10.0.40219.1
Project("{9A19103F-16F7-4668-BE54-9A1E7A4F7556}") = "LastNameUC2", "LastNameUC2\LastNameUC2.csproj", "{810AF8A1-6645-411A-A7FC-4808246CEBA9}"
EndProject
Project("{FAE04EC0-301F-11D3-BF4B-00C04F79EFBC}") = "LastNameTest", "LastNameTest\LastNameTest.csproj", "{78353940-9AF5-4283-A908-D5256FB9CA30}"
EndProject
Global
	GlobalSection(SolutionConfigurationPlatforms) = preSolution
		Debug|Any CPU = Debug|Any CPU
		Release|Any CPU = Release|Any CPU
	EndGlobalSection
	GlobalSection(ProjectConfigurationPlatforms) = postSolution
		{810AF8A1-6645-411A-A7FC-4808246CEBA9}.Debug|Any CPU.ActiveCfg = Debug|Any CPU
		{810AF8A1-6645-411A-A7FC-4808246CEBA9}.Debug|Any CPU.Build.0 = Debug|Any CPU
		{810AF8A1-6645-411A-A7FC-4808246CEBA9}.Release|Any CPU.ActiveCfg = Release|Any CPU
		{810AF8A1-6645-411A-A7FC-4808246CEBA9}.Release|Any CPU.Build.0 = Release|Any CPU
		{78353940-9AF5-4283-A908-D5256FB9CA30}.Debug|Any CPU.ActiveCfg = Debug|Any CPU
		{78353940-9AF5-4283-A908-D5256FB9CA30}.Debug|Any CPU.Build.0 = Debug|Any CPU
		{78353940-9AF5-4283-A908-D5256FB9CA30}.Release|Any CPU.ActiveCfg = Release|Any CPU
		{78353940-9AF5-4283-A908-D5256FB9CA30}.Release|Any CPU.Build.0 = Release|Any CPU
	EndGlobalSection
	GlobalSection(SolutionProperties) = preSolution
		HideSolutionNode = FALSE
	EndGlobalSection
	GlobalSection(ExtensibilityGlobals) = postSolution
		SolutionGuid = {B6368200-244E-4C5F-B7F1-79E8425738DF}
	EndGlobalSection
EndGlobal
