
Microsoft Visual Studio Solution File, Format Version 12.00
# Visual Studio Version 16
VisualStudioVersion = 16.0.31702.278
MinimumVisualStudioVersion = 10.0.40219.1
Project("{9A19103F-16F7-4668-BE54-9A1E7A4F7556}") = "PasswordValidationUC6", "PasswordValidationUC6\PasswordValidationUC6.csproj", "{5F00A89E-7708-494A-8591-3FD2C056D773}"
EndProject
Project("{FAE04EC0-301F-11D3-BF4B-00C04F79EFBC}") = "PasswordTest", "PasswordTest\PasswordTest.csproj", "{E8CDC006-57F6-412D-A3B0-71D385813592}"
EndProject
Global
	GlobalSection(SolutionConfigurationPlatforms) = preSolution
		Debug|Any CPU = Debug|Any CPU
		Release|Any CPU = Release|Any CPU
	EndGlobalSection
	GlobalSection(ProjectConfigurationPlatforms) = postSolution
		{5F00A89E-7708-494A-8591-3FD2C056D773}.Debug|Any CPU.ActiveCfg = Debug|Any CPU
		{5F00A89E-7708-494A-8591-3FD2C056D773}.Debug|Any CPU.Build.0 = Debug|Any CPU
		{5F00A89E-7708-494A-8591-3FD2C056D773}.Release|Any CPU.ActiveCfg = Release|Any CPU
		{5F00A89E-7708-494A-8591-3FD2C056D773}.Release|Any CPU.Build.0 = Release|Any CPU
		{E8CDC006-57F6-412D-A3B0-71D385813592}.Debug|Any CPU.ActiveCfg = Debug|Any CPU
		{E8CDC006-57F6-412D-A3B0-71D385813592}.Debug|Any CPU.Build.0 = Debug|Any CPU
		{E8CDC006-57F6-412D-A3B0-71D385813592}.Release|Any CPU.ActiveCfg = Release|Any CPU
		{E8CDC006-57F6-412D-A3B0-71D385813592}.Release|Any CPU.Build.0 = Release|Any CPU
	EndGlobalSection
	GlobalSection(SolutionProperties) = preSolution
		HideSolutionNode = FALSE
	EndGlobalSection
	GlobalSection(ExtensibilityGlobals) = postSolution
		SolutionGuid = {3E14A451-BFCE-49CD-93F8-12B92D3CAE5E}
	EndGlobalSection
EndGlobal
