
Microsoft Visual Studio Solution File, Format Version 12.00
# Visual Studio Version 16
VisualStudioVersion = 16.0.31702.278
MinimumVisualStudioVersion = 10.0.40219.1
Project("{9A19103F-16F7-4668-BE54-9A1E7A4F7556}") = "EmailUC3", "EmailUC3\EmailUC3.csproj", "{8303F37B-B466-4755-8D9D-E49DA65B3192}"
EndProject
Project("{FAE04EC0-301F-11D3-BF4B-00C04F79EFBC}") = "EmailTest", "EmailTest\EmailTest.csproj", "{1EEECEB5-4A31-4BF7-BF57-5B67C5349A85}"
EndProject
Global
	GlobalSection(SolutionConfigurationPlatforms) = preSolution
		Debug|Any CPU = Debug|Any CPU
		Release|Any CPU = Release|Any CPU
	EndGlobalSection
	GlobalSection(ProjectConfigurationPlatforms) = postSolution
		{8303F37B-B466-4755-8D9D-E49DA65B3192}.Debug|Any CPU.ActiveCfg = Debug|Any CPU
		{8303F37B-B466-4755-8D9D-E49DA65B3192}.Debug|Any CPU.Build.0 = Debug|Any CPU
		{8303F37B-B466-4755-8D9D-E49DA65B3192}.Release|Any CPU.ActiveCfg = Release|Any CPU
		{8303F37B-B466-4755-8D9D-E49DA65B3192}.Release|Any CPU.Build.0 = Release|Any CPU
		{1EEECEB5-4A31-4BF7-BF57-5B67C5349A85}.Debug|Any CPU.ActiveCfg = Debug|Any CPU
		{1EEECEB5-4A31-4BF7-BF57-5B67C5349A85}.Debug|Any CPU.Build.0 = Debug|Any CPU
		{1EEECEB5-4A31-4BF7-BF57-5B67C5349A85}.Release|Any CPU.ActiveCfg = Release|Any CPU
		{1EEECEB5-4A31-4BF7-BF57-5B67C5349A85}.Release|Any CPU.Build.0 = Release|Any CPU
	EndGlobalSection
	GlobalSection(SolutionProperties) = preSolution
		HideSolutionNode = FALSE
	EndGlobalSection
	GlobalSection(ExtensibilityGlobals) = postSolution
		SolutionGuid = {D97825FE-8737-49D7-93FA-177331EA4DB6}
	EndGlobalSection
EndGlobal
